
Microsoft Visual Studio Solution File, Format Version 12.00
# Visual Studio 2013
VisualStudioVersion = 12.0.30501.0
MinimumVisualStudioVersion = 10.0.40219.1
Project("{D954291E-2A0B-460D-934E-DC6B0785DB48}") = "Sparkle.Engine.Shared", "Sparkle.Engine.Shared\Sparkle.Engine.Shared.shproj", "{0B35C262-DDC4-4863-9636-6D21D3E53B86}"
EndProject
Project("{2150E333-8FDC-42A3-9474-1A3956D46DE8}") = "Sparkle.Engine.Samples", "Sparkle.Engine.Samples", "{7EAE53D3-ABFF-4037-90AA-FB609F142BB2}"
EndProject
Project("{FAE04EC0-301F-11D3-BF4B-00C04F79EFBC}") = "Sparkle.Engine.Samples.iOS", "Sparkle.Engine.Samples\Sparkle.Engine.Samples.iOS\Sparkle.Engine.Samples.iOS.csproj", "{E31204CC-9752-41AB-AD76-90013E6A24B7}"
EndProject
Project("{FAE04EC0-301F-11D3-BF4B-00C04F79EFBC}") = "Sparkle.Engine.Samples.Windows", "Sparkle.Engine.Samples\Sparkle.Engine.Samples.Windows\Sparkle.Engine.Samples.Windows.csproj", "{FDDA2F57-B85D-407A-9521-35AF5D917A0E}"
EndProject
Project("{D954291E-2A0B-460D-934E-DC6B0785DB48}") = "Sparkle.Engine.Samples.Shared", "Sparkle.Engine.Samples\Sparkle.Engine.Samples.Shared\Sparkle.Engine.Samples.Shared.shproj", "{A6CE1A88-EA82-4DD2-9284-54192FC1EEF4}"
EndProject
Project("{FAE04EC0-301F-11D3-BF4B-00C04F79EFBC}") = "Sparkle.Engine.Samples.Mac", "Sparkle.Engine.Samples\Sparkle.Engine.Samples.Mac\Sparkle.Engine.Samples.Mac.csproj", "{D4C6C28D-4B59-4D8D-97E2-6CA701E504E4}"
EndProject
Project("{FAE04EC0-301F-11D3-BF4B-00C04F79EFBC}") = "Sparkle.Engine.Mac", "Sparkle.Engine.Mac\Sparkle.Engine.Mac.csproj", "{09CFC460-AB96-4236-9AF5-1470C2948CB3}"
EndProject
Project("{FAE04EC0-301F-11D3-BF4B-00C04F79EFBC}") = "Sparkle.Engine.Windows", "Sparkle.Engine.Windows\Sparkle.Engine.Windows.csproj", "{5C2ED901-C73A-4731-99C5-FCE04D6EE48D}"
EndProject
Project("{FAE04EC0-301F-11D3-BF4B-00C04F79EFBC}") = "Sparkle.Engine.WindowsPhone", "Sparkle.Engine.WindowsPhone\Sparkle.Engine.WindowsPhone.csproj", "{D76CCC99-B783-4298-A25A-106F32125BBD}"
EndProject
Project("{FAE04EC0-301F-11D3-BF4B-00C04F79EFBC}") = "Sparkle.Engine.Samples.WindowsPhone", "Sparkle.Engine.Samples\Sparkle.Engine.Samples.WindowsPhone\Sparkle.Engine.Samples.WindowsPhone.csproj", "{3EA37A89-D77E-426B-8D81-D34C527A219F}"
EndProject
Project("{FAE04EC0-301F-11D3-BF4B-00C04F79EFBC}") = "Sparkle.Engine.WindowsStore", "Sparkle.Engine.WindowsStore\Sparkle.Engine.WindowsStore.csproj", "{2BF8BEE3-EB9B-43C9-80CF-AC0560170A06}"
EndProject
Project("{FAE04EC0-301F-11D3-BF4B-00C04F79EFBC}") = "Sparkle.Engine.Samples.WindowsStore", "Sparkle.Engine.Samples\Sparkle.Engine.Samples.WindowsStore\Sparkle.Engine.Samples.WindowsStore.csproj", "{9B4EA520-2E7A-4B5A-B5CB-74B086ECD0AB}"
EndProject
Global
	GlobalSection(SharedMSBuildProjectFiles) = preSolution
		Sparkle.Engine.Shared\Sparkle.Engine.projitems*{0b35c262-ddc4-4863-9636-6d21d3e53b86}*SharedItemsImports = 13
		Sparkle.Engine.Samples\Sparkle.Engine.Samples.Shared\Sparkle.Engine.Samples.Shared.projitems*{9b4ea520-2e7a-4b5a-b5cb-74b086ecd0ab}*SharedItemsImports = 4
		Sparkle.Engine.Samples\Sparkle.Engine.Samples.Shared\Sparkle.Engine.Samples.Shared.projitems*{a6ce1a88-ea82-4dd2-9284-54192fc1eef4}*SharedItemsImports = 13
		Sparkle.Engine.Samples\Sparkle.Engine.Samples.Shared\Sparkle.Engine.Samples.Shared.projitems*{3ea37a89-d77e-426b-8d81-d34c527a219f}*SharedItemsImports = 4
		Sparkle.Engine.Shared\Sparkle.Engine.projitems*{5c2ed901-c73a-4731-99c5-fce04d6ee48d}*SharedItemsImports = 4
		Sparkle.Engine.Shared\Sparkle.Engine.projitems*{2bf8bee3-eb9b-43c9-80cf-ac0560170a06}*SharedItemsImports = 4
		Sparkle.Engine.Samples\Sparkle.Engine.Samples.Shared\Sparkle.Engine.Samples.Shared.projitems*{fdda2f57-b85d-407a-9521-35af5d917a0e}*SharedItemsImports = 4
		Sparkle.Engine.Shared\Sparkle.Engine.projitems*{d76ccc99-b783-4298-a25a-106f32125bbd}*SharedItemsImports = 4
	EndGlobalSection
	GlobalSection(SolutionConfigurationPlatforms) = preSolution
		Ad-Hoc|Any CPU = Ad-Hoc|Any CPU
		Ad-Hoc|ARM = Ad-Hoc|ARM
		Ad-Hoc|iPhone = Ad-Hoc|iPhone
		Ad-Hoc|iPhoneSimulator = Ad-Hoc|iPhoneSimulator
		Ad-Hoc|Mixed Platforms = Ad-Hoc|Mixed Platforms
		Ad-Hoc|x64 = Ad-Hoc|x64
		Ad-Hoc|x86 = Ad-Hoc|x86
		AppStore|Any CPU = AppStore|Any CPU
		AppStore|ARM = AppStore|ARM
		AppStore|iPhone = AppStore|iPhone
		AppStore|iPhoneSimulator = AppStore|iPhoneSimulator
		AppStore|Mixed Platforms = AppStore|Mixed Platforms
		AppStore|x64 = AppStore|x64
		AppStore|x86 = AppStore|x86
		Debug|Any CPU = Debug|Any CPU
		Debug|ARM = Debug|ARM
		Debug|iPhone = Debug|iPhone
		Debug|iPhoneSimulator = Debug|iPhoneSimulator
		Debug|Mixed Platforms = Debug|Mixed Platforms
		Debug|x64 = Debug|x64
		Debug|x86 = Debug|x86
		Release|Any CPU = Release|Any CPU
		Release|ARM = Release|ARM
		Release|iPhone = Release|iPhone
		Release|iPhoneSimulator = Release|iPhoneSimulator
		Release|Mixed Platforms = Release|Mixed Platforms
		Release|x64 = Release|x64
		Release|x86 = Release|x86
	EndGlobalSection
	GlobalSection(ProjectConfigurationPlatforms) = postSolution
		{E31204CC-9752-41AB-AD76-90013E6A24B7}.Ad-Hoc|Any CPU.ActiveCfg = Ad-Hoc|iPhone
		{E31204CC-9752-41AB-AD76-90013E6A24B7}.Ad-Hoc|ARM.ActiveCfg = Ad-Hoc|iPhone
		{E31204CC-9752-41AB-AD76-90013E6A24B7}.Ad-Hoc|iPhone.ActiveCfg = Ad-Hoc|iPhone
		{E31204CC-9752-41AB-AD76-90013E6A24B7}.Ad-Hoc|iPhone.Build.0 = Ad-Hoc|iPhone
		{E31204CC-9752-41AB-AD76-90013E6A24B7}.Ad-Hoc|iPhoneSimulator.ActiveCfg = Ad-Hoc|iPhone
		{E31204CC-9752-41AB-AD76-90013E6A24B7}.Ad-Hoc|Mixed Platforms.ActiveCfg = Ad-Hoc|iPhone
		{E31204CC-9752-41AB-AD76-90013E6A24B7}.Ad-Hoc|x64.ActiveCfg = Ad-Hoc|iPhone
		{E31204CC-9752-41AB-AD76-90013E6A24B7}.Ad-Hoc|x86.ActiveCfg = Ad-Hoc|iPhone
		{E31204CC-9752-41AB-AD76-90013E6A24B7}.AppStore|Any CPU.ActiveCfg = AppStore|iPhone
		{E31204CC-9752-41AB-AD76-90013E6A24B7}.AppStore|ARM.ActiveCfg = AppStore|iPhone
		{E31204CC-9752-41AB-AD76-90013E6A24B7}.AppStore|iPhone.ActiveCfg = AppStore|iPhone
		{E31204CC-9752-41AB-AD76-90013E6A24B7}.AppStore|iPhone.Build.0 = AppStore|iPhone
		{E31204CC-9752-41AB-AD76-90013E6A24B7}.AppStore|iPhoneSimulator.ActiveCfg = AppStore|iPhone
		{E31204CC-9752-41AB-AD76-90013E6A24B7}.AppStore|Mixed Platforms.ActiveCfg = AppStore|iPhone
		{E31204CC-9752-41AB-AD76-90013E6A24B7}.AppStore|x64.ActiveCfg = AppStore|iPhone
		{E31204CC-9752-41AB-AD76-90013E6A24B7}.AppStore|x86.ActiveCfg = AppStore|iPhone
		{E31204CC-9752-41AB-AD76-90013E6A24B7}.Debug|Any CPU.ActiveCfg = Debug|iPhoneSimulator
		{E31204CC-9752-41AB-AD76-90013E6A24B7}.Debug|Any CPU.Build.0 = Debug|iPhoneSimulator
		{E31204CC-9752-41AB-AD76-90013E6A24B7}.Debug|ARM.ActiveCfg = Debug|iPhone
		{E31204CC-9752-41AB-AD76-90013E6A24B7}.Debug|iPhone.ActiveCfg = Debug|iPhone
		{E31204CC-9752-41AB-AD76-90013E6A24B7}.Debug|iPhone.Build.0 = Debug|iPhone
		{E31204CC-9752-41AB-AD76-90013E6A24B7}.Debug|iPhoneSimulator.ActiveCfg = Debug|iPhoneSimulator
		{E31204CC-9752-41AB-AD76-90013E6A24B7}.Debug|iPhoneSimulator.Build.0 = Debug|iPhoneSimulator
		{E31204CC-9752-41AB-AD76-90013E6A24B7}.Debug|Mixed Platforms.ActiveCfg = Debug|iPhoneSimulator
		{E31204CC-9752-41AB-AD76-90013E6A24B7}.Debug|Mixed Platforms.Build.0 = Debug|iPhoneSimulator
		{E31204CC-9752-41AB-AD76-90013E6A24B7}.Debug|x64.ActiveCfg = Debug|iPhone
		{E31204CC-9752-41AB-AD76-90013E6A24B7}.Debug|x86.ActiveCfg = Debug|iPhoneSimulator
		{E31204CC-9752-41AB-AD76-90013E6A24B7}.Debug|x86.Build.0 = Debug|iPhoneSimulator
		{E31204CC-9752-41AB-AD76-90013E6A24B7}.Release|Any CPU.ActiveCfg = Release|iPhoneSimulator
		{E31204CC-9752-41AB-AD76-90013E6A24B7}.Release|Any CPU.Build.0 = Release|iPhoneSimulator
		{E31204CC-9752-41AB-AD76-90013E6A24B7}.Release|ARM.ActiveCfg = Release|iPhone
		{E31204CC-9752-41AB-AD76-90013E6A24B7}.Release|iPhone.ActiveCfg = Release|iPhone
		{E31204CC-9752-41AB-AD76-90013E6A24B7}.Release|iPhone.Build.0 = Release|iPhone
		{E31204CC-9752-41AB-AD76-90013E6A24B7}.Release|iPhoneSimulator.ActiveCfg = Release|iPhoneSimulator
		{E31204CC-9752-41AB-AD76-90013E6A24B7}.Release|iPhoneSimulator.Build.0 = Release|iPhoneSimulator
		{E31204CC-9752-41AB-AD76-90013E6A24B7}.Release|Mixed Platforms.ActiveCfg = Release|iPhoneSimulator
		{E31204CC-9752-41AB-AD76-90013E6A24B7}.Release|Mixed Platforms.Build.0 = Release|iPhoneSimulator
		{E31204CC-9752-41AB-AD76-90013E6A24B7}.Release|x64.ActiveCfg = Release|iPhone
		{E31204CC-9752-41AB-AD76-90013E6A24B7}.Release|x86.ActiveCfg = Release|iPhoneSimulator
		{E31204CC-9752-41AB-AD76-90013E6A24B7}.Release|x86.Build.0 = Release|iPhoneSimulator
		{FDDA2F57-B85D-407A-9521-35AF5D917A0E}.Ad-Hoc|Any CPU.ActiveCfg = Release|x86
		{FDDA2F57-B85D-407A-9521-35AF5D917A0E}.Ad-Hoc|ARM.ActiveCfg = Debug|x86
		{FDDA2F57-B85D-407A-9521-35AF5D917A0E}.Ad-Hoc|iPhone.ActiveCfg = Debug|x86
		{FDDA2F57-B85D-407A-9521-35AF5D917A0E}.Ad-Hoc|iPhone.Build.0 = Debug|x86
		{FDDA2F57-B85D-407A-9521-35AF5D917A0E}.Ad-Hoc|iPhoneSimulator.ActiveCfg = Release|x86
		{FDDA2F57-B85D-407A-9521-35AF5D917A0E}.Ad-Hoc|Mixed Platforms.ActiveCfg = Release|x86
		{FDDA2F57-B85D-407A-9521-35AF5D917A0E}.Ad-Hoc|x64.ActiveCfg = Debug|x86
		{FDDA2F57-B85D-407A-9521-35AF5D917A0E}.Ad-Hoc|x86.ActiveCfg = Release|x86
		{FDDA2F57-B85D-407A-9521-35AF5D917A0E}.AppStore|Any CPU.ActiveCfg = Release|x86
		{FDDA2F57-B85D-407A-9521-35AF5D917A0E}.AppStore|ARM.ActiveCfg = Debug|x86
		{FDDA2F57-B85D-407A-9521-35AF5D917A0E}.AppStore|iPhone.ActiveCfg = Debug|x86
		{FDDA2F57-B85D-407A-9521-35AF5D917A0E}.AppStore|iPhone.Build.0 = Debug|x86
		{FDDA2F57-B85D-407A-9521-35AF5D917A0E}.AppStore|iPhoneSimulator.ActiveCfg = Release|x86
		{FDDA2F57-B85D-407A-9521-35AF5D917A0E}.AppStore|Mixed Platforms.ActiveCfg = Release|x86
		{FDDA2F57-B85D-407A-9521-35AF5D917A0E}.AppStore|x64.ActiveCfg = Debug|x86
		{FDDA2F57-B85D-407A-9521-35AF5D917A0E}.AppStore|x86.ActiveCfg = Release|x86
		{FDDA2F57-B85D-407A-9521-35AF5D917A0E}.Debug|Any CPU.ActiveCfg = Debug|x86
		{FDDA2F57-B85D-407A-9521-35AF5D917A0E}.Debug|ARM.ActiveCfg = Debug|x86
		{FDDA2F57-B85D-407A-9521-35AF5D917A0E}.Debug|iPhone.ActiveCfg = Debug|x86
		{FDDA2F57-B85D-407A-9521-35AF5D917A0E}.Debug|iPhone.Build.0 = Debug|x86
		{FDDA2F57-B85D-407A-9521-35AF5D917A0E}.Debug|iPhoneSimulator.ActiveCfg = Debug|x86
		{FDDA2F57-B85D-407A-9521-35AF5D917A0E}.Debug|iPhoneSimulator.Build.0 = Debug|x86
		{FDDA2F57-B85D-407A-9521-35AF5D917A0E}.Debug|Mixed Platforms.ActiveCfg = Debug|x86
		{FDDA2F57-B85D-407A-9521-35AF5D917A0E}.Debug|Mixed Platforms.Build.0 = Debug|x86
		{FDDA2F57-B85D-407A-9521-35AF5D917A0E}.Debug|x64.ActiveCfg = Debug|x86
		{FDDA2F57-B85D-407A-9521-35AF5D917A0E}.Debug|x86.ActiveCfg = Debug|x86
		{FDDA2F57-B85D-407A-9521-35AF5D917A0E}.Debug|x86.Build.0 = Debug|x86
		{FDDA2F57-B85D-407A-9521-35AF5D917A0E}.Release|Any CPU.ActiveCfg = Release|x86
		{FDDA2F57-B85D-407A-9521-35AF5D917A0E}.Release|ARM.ActiveCfg = Release|x86
		{FDDA2F57-B85D-407A-9521-35AF5D917A0E}.Release|iPhone.ActiveCfg = Release|x86
		{FDDA2F57-B85D-407A-9521-35AF5D917A0E}.Release|iPhone.Build.0 = Release|x86
		{FDDA2F57-B85D-407A-9521-35AF5D917A0E}.Release|iPhoneSimulator.ActiveCfg = Release|x86
		{FDDA2F57-B85D-407A-9521-35AF5D917A0E}.Release|iPhoneSimulator.Build.0 = Release|x86
		{FDDA2F57-B85D-407A-9521-35AF5D917A0E}.Release|Mixed Platforms.ActiveCfg = Release|x86
		{FDDA2F57-B85D-407A-9521-35AF5D917A0E}.Release|Mixed Platforms.Build.0 = Release|x86
		{FDDA2F57-B85D-407A-9521-35AF5D917A0E}.Release|x64.ActiveCfg = Release|x86
		{FDDA2F57-B85D-407A-9521-35AF5D917A0E}.Release|x86.ActiveCfg = Release|x86
		{FDDA2F57-B85D-407A-9521-35AF5D917A0E}.Release|x86.Build.0 = Release|x86
		{D4C6C28D-4B59-4D8D-97E2-6CA701E504E4}.Ad-Hoc|Any CPU.ActiveCfg = Release|Any CPU
		{D4C6C28D-4B59-4D8D-97E2-6CA701E504E4}.Ad-Hoc|Any CPU.Build.0 = Release|Any CPU
		{D4C6C28D-4B59-4D8D-97E2-6CA701E504E4}.Ad-Hoc|ARM.ActiveCfg = AppStore|Any CPU
		{D4C6C28D-4B59-4D8D-97E2-6CA701E504E4}.Ad-Hoc|iPhone.ActiveCfg = Release|Any CPU
		{D4C6C28D-4B59-4D8D-97E2-6CA701E504E4}.Ad-Hoc|iPhone.Build.0 = Release|Any CPU
		{D4C6C28D-4B59-4D8D-97E2-6CA701E504E4}.Ad-Hoc|iPhoneSimulator.ActiveCfg = Release|Any CPU
		{D4C6C28D-4B59-4D8D-97E2-6CA701E504E4}.Ad-Hoc|iPhoneSimulator.Build.0 = Release|Any CPU
		{D4C6C28D-4B59-4D8D-97E2-6CA701E504E4}.Ad-Hoc|Mixed Platforms.ActiveCfg = Release|Any CPU
		{D4C6C28D-4B59-4D8D-97E2-6CA701E504E4}.Ad-Hoc|Mixed Platforms.Build.0 = Release|Any CPU
		{D4C6C28D-4B59-4D8D-97E2-6CA701E504E4}.Ad-Hoc|x64.ActiveCfg = AppStore|Any CPU
		{D4C6C28D-4B59-4D8D-97E2-6CA701E504E4}.Ad-Hoc|x86.ActiveCfg = Release|Any CPU
		{D4C6C28D-4B59-4D8D-97E2-6CA701E504E4}.Ad-Hoc|x86.Build.0 = Release|Any CPU
		{D4C6C28D-4B59-4D8D-97E2-6CA701E504E4}.AppStore|Any CPU.ActiveCfg = AppStore|Any CPU
		{D4C6C28D-4B59-4D8D-97E2-6CA701E504E4}.AppStore|Any CPU.Build.0 = AppStore|Any CPU
		{D4C6C28D-4B59-4D8D-97E2-6CA701E504E4}.AppStore|ARM.ActiveCfg = AppStore|Any CPU
		{D4C6C28D-4B59-4D8D-97E2-6CA701E504E4}.AppStore|iPhone.ActiveCfg = AppStore|Any CPU
		{D4C6C28D-4B59-4D8D-97E2-6CA701E504E4}.AppStore|iPhone.Build.0 = AppStore|Any CPU
		{D4C6C28D-4B59-4D8D-97E2-6CA701E504E4}.AppStore|iPhoneSimulator.ActiveCfg = AppStore|Any CPU
		{D4C6C28D-4B59-4D8D-97E2-6CA701E504E4}.AppStore|iPhoneSimulator.Build.0 = AppStore|Any CPU
		{D4C6C28D-4B59-4D8D-97E2-6CA701E504E4}.AppStore|Mixed Platforms.ActiveCfg = AppStore|Any CPU
		{D4C6C28D-4B59-4D8D-97E2-6CA701E504E4}.AppStore|Mixed Platforms.Build.0 = AppStore|Any CPU
		{D4C6C28D-4B59-4D8D-97E2-6CA701E504E4}.AppStore|x64.ActiveCfg = AppStore|Any CPU
		{D4C6C28D-4B59-4D8D-97E2-6CA701E504E4}.AppStore|x86.ActiveCfg = AppStore|Any CPU
		{D4C6C28D-4B59-4D8D-97E2-6CA701E504E4}.AppStore|x86.Build.0 = AppStore|Any CPU
		{D4C6C28D-4B59-4D8D-97E2-6CA701E504E4}.Debug|Any CPU.ActiveCfg = Debug|Any CPU
		{D4C6C28D-4B59-4D8D-97E2-6CA701E504E4}.Debug|Any CPU.Build.0 = Debug|Any CPU
		{D4C6C28D-4B59-4D8D-97E2-6CA701E504E4}.Debug|ARM.ActiveCfg = Debug|Any CPU
		{D4C6C28D-4B59-4D8D-97E2-6CA701E504E4}.Debug|iPhone.ActiveCfg = Debug|Any CPU
		{D4C6C28D-4B59-4D8D-97E2-6CA701E504E4}.Debug|iPhone.Build.0 = Debug|Any CPU
		{D4C6C28D-4B59-4D8D-97E2-6CA701E504E4}.Debug|iPhoneSimulator.ActiveCfg = Debug|Any CPU
		{D4C6C28D-4B59-4D8D-97E2-6CA701E504E4}.Debug|iPhoneSimulator.Build.0 = Debug|Any CPU
		{D4C6C28D-4B59-4D8D-97E2-6CA701E504E4}.Debug|Mixed Platforms.ActiveCfg = Debug|Any CPU
		{D4C6C28D-4B59-4D8D-97E2-6CA701E504E4}.Debug|Mixed Platforms.Build.0 = Debug|Any CPU
		{D4C6C28D-4B59-4D8D-97E2-6CA701E504E4}.Debug|x64.ActiveCfg = Debug|Any CPU
		{D4C6C28D-4B59-4D8D-97E2-6CA701E504E4}.Debug|x86.ActiveCfg = Debug|Any CPU
		{D4C6C28D-4B59-4D8D-97E2-6CA701E504E4}.Debug|x86.Build.0 = Debug|Any CPU
		{D4C6C28D-4B59-4D8D-97E2-6CA701E504E4}.Release|Any CPU.ActiveCfg = Release|Any CPU
		{D4C6C28D-4B59-4D8D-97E2-6CA701E504E4}.Release|Any CPU.Build.0 = Release|Any CPU
		{D4C6C28D-4B59-4D8D-97E2-6CA701E504E4}.Release|ARM.ActiveCfg = Release|Any CPU
		{D4C6C28D-4B59-4D8D-97E2-6CA701E504E4}.Release|iPhone.ActiveCfg = Release|Any CPU
		{D4C6C28D-4B59-4D8D-97E2-6CA701E504E4}.Release|iPhone.Build.0 = Release|Any CPU
		{D4C6C28D-4B59-4D8D-97E2-6CA701E504E4}.Release|iPhoneSimulator.ActiveCfg = Release|Any CPU
		{D4C6C28D-4B59-4D8D-97E2-6CA701E504E4}.Release|iPhoneSimulator.Build.0 = Release|Any CPU
		{D4C6C28D-4B59-4D8D-97E2-6CA701E504E4}.Release|Mixed Platforms.ActiveCfg = Release|Any CPU
		{D4C6C28D-4B59-4D8D-97E2-6CA701E504E4}.Release|Mixed Platforms.Build.0 = Release|Any CPU
		{D4C6C28D-4B59-4D8D-97E2-6CA701E504E4}.Release|x64.ActiveCfg = Release|Any CPU
		{D4C6C28D-4B59-4D8D-97E2-6CA701E504E4}.Release|x86.ActiveCfg = Release|Any CPU
		{D4C6C28D-4B59-4D8D-97E2-6CA701E504E4}.Release|x86.Build.0 = Release|Any CPU
		{09CFC460-AB96-4236-9AF5-1470C2948CB3}.Ad-Hoc|Any CPU.ActiveCfg = Release|Any CPU
		{09CFC460-AB96-4236-9AF5-1470C2948CB3}.Ad-Hoc|Any CPU.Build.0 = Release|Any CPU
		{09CFC460-AB96-4236-9AF5-1470C2948CB3}.Ad-Hoc|ARM.ActiveCfg = Debug|Any CPU
		{09CFC460-AB96-4236-9AF5-1470C2948CB3}.Ad-Hoc|iPhone.ActiveCfg = Release|Any CPU
		{09CFC460-AB96-4236-9AF5-1470C2948CB3}.Ad-Hoc|iPhone.Build.0 = Release|Any CPU
		{09CFC460-AB96-4236-9AF5-1470C2948CB3}.Ad-Hoc|iPhoneSimulator.ActiveCfg = Release|Any CPU
		{09CFC460-AB96-4236-9AF5-1470C2948CB3}.Ad-Hoc|iPhoneSimulator.Build.0 = Release|Any CPU
		{09CFC460-AB96-4236-9AF5-1470C2948CB3}.Ad-Hoc|Mixed Platforms.ActiveCfg = Release|Any CPU
		{09CFC460-AB96-4236-9AF5-1470C2948CB3}.Ad-Hoc|Mixed Platforms.Build.0 = Release|Any CPU
		{09CFC460-AB96-4236-9AF5-1470C2948CB3}.Ad-Hoc|x64.ActiveCfg = Debug|Any CPU
		{09CFC460-AB96-4236-9AF5-1470C2948CB3}.Ad-Hoc|x86.ActiveCfg = Release|Any CPU
		{09CFC460-AB96-4236-9AF5-1470C2948CB3}.Ad-Hoc|x86.Build.0 = Release|Any CPU
		{09CFC460-AB96-4236-9AF5-1470C2948CB3}.AppStore|Any CPU.ActiveCfg = Release|Any CPU
		{09CFC460-AB96-4236-9AF5-1470C2948CB3}.AppStore|Any CPU.Build.0 = Release|Any CPU
		{09CFC460-AB96-4236-9AF5-1470C2948CB3}.AppStore|ARM.ActiveCfg = Debug|Any CPU
		{09CFC460-AB96-4236-9AF5-1470C2948CB3}.AppStore|iPhone.ActiveCfg = Release|Any CPU
		{09CFC460-AB96-4236-9AF5-1470C2948CB3}.AppStore|iPhone.Build.0 = Release|Any CPU
		{09CFC460-AB96-4236-9AF5-1470C2948CB3}.AppStore|iPhoneSimulator.ActiveCfg = Release|Any CPU
		{09CFC460-AB96-4236-9AF5-1470C2948CB3}.AppStore|iPhoneSimulator.Build.0 = Release|Any CPU
		{09CFC460-AB96-4236-9AF5-1470C2948CB3}.AppStore|Mixed Platforms.ActiveCfg = Release|Any CPU
		{09CFC460-AB96-4236-9AF5-1470C2948CB3}.AppStore|Mixed Platforms.Build.0 = Release|Any CPU
		{09CFC460-AB96-4236-9AF5-1470C2948CB3}.AppStore|x64.ActiveCfg = Debug|Any CPU
		{09CFC460-AB96-4236-9AF5-1470C2948CB3}.AppStore|x86.ActiveCfg = Release|Any CPU
		{09CFC460-AB96-4236-9AF5-1470C2948CB3}.AppStore|x86.Build.0 = Release|Any CPU
		{09CFC460-AB96-4236-9AF5-1470C2948CB3}.Debug|Any CPU.ActiveCfg = Debug|Any CPU
		{09CFC460-AB96-4236-9AF5-1470C2948CB3}.Debug|Any CPU.Build.0 = Debug|Any CPU
		{09CFC460-AB96-4236-9AF5-1470C2948CB3}.Debug|ARM.ActiveCfg = Debug|Any CPU
		{09CFC460-AB96-4236-9AF5-1470C2948CB3}.Debug|iPhone.ActiveCfg = Debug|Any CPU
		{09CFC460-AB96-4236-9AF5-1470C2948CB3}.Debug|iPhone.Build.0 = Debug|Any CPU
		{09CFC460-AB96-4236-9AF5-1470C2948CB3}.Debug|iPhoneSimulator.ActiveCfg = Debug|Any CPU
		{09CFC460-AB96-4236-9AF5-1470C2948CB3}.Debug|iPhoneSimulator.Build.0 = Debug|Any CPU
		{09CFC460-AB96-4236-9AF5-1470C2948CB3}.Debug|Mixed Platforms.ActiveCfg = Debug|Any CPU
		{09CFC460-AB96-4236-9AF5-1470C2948CB3}.Debug|Mixed Platforms.Build.0 = Debug|Any CPU
		{09CFC460-AB96-4236-9AF5-1470C2948CB3}.Debug|x64.ActiveCfg = Debug|Any CPU
		{09CFC460-AB96-4236-9AF5-1470C2948CB3}.Debug|x86.ActiveCfg = Debug|Any CPU
		{09CFC460-AB96-4236-9AF5-1470C2948CB3}.Debug|x86.Build.0 = Debug|Any CPU
		{09CFC460-AB96-4236-9AF5-1470C2948CB3}.Release|Any CPU.ActiveCfg = Release|Any CPU
		{09CFC460-AB96-4236-9AF5-1470C2948CB3}.Release|Any CPU.Build.0 = Release|Any CPU
		{09CFC460-AB96-4236-9AF5-1470C2948CB3}.Release|ARM.ActiveCfg = Release|Any CPU
		{09CFC460-AB96-4236-9AF5-1470C2948CB3}.Release|iPhone.ActiveCfg = Release|Any CPU
		{09CFC460-AB96-4236-9AF5-1470C2948CB3}.Release|iPhone.Build.0 = Release|Any CPU
		{09CFC460-AB96-4236-9AF5-1470C2948CB3}.Release|iPhoneSimulator.ActiveCfg = Release|Any CPU
		{09CFC460-AB96-4236-9AF5-1470C2948CB3}.Release|iPhoneSimulator.Build.0 = Release|Any CPU
		{09CFC460-AB96-4236-9AF5-1470C2948CB3}.Release|Mixed Platforms.ActiveCfg = Release|Any CPU
		{09CFC460-AB96-4236-9AF5-1470C2948CB3}.Release|Mixed Platforms.Build.0 = Release|Any CPU
		{09CFC460-AB96-4236-9AF5-1470C2948CB3}.Release|x64.ActiveCfg = Release|Any CPU
		{09CFC460-AB96-4236-9AF5-1470C2948CB3}.Release|x86.ActiveCfg = Release|Any CPU
		{09CFC460-AB96-4236-9AF5-1470C2948CB3}.Release|x86.Build.0 = Release|Any CPU
		{5C2ED901-C73A-4731-99C5-FCE04D6EE48D}.Ad-Hoc|Any CPU.ActiveCfg = Release|Any CPU
		{5C2ED901-C73A-4731-99C5-FCE04D6EE48D}.Ad-Hoc|Any CPU.Build.0 = Release|Any CPU
		{5C2ED901-C73A-4731-99C5-FCE04D6EE48D}.Ad-Hoc|ARM.ActiveCfg = Debug|Any CPU
		{5C2ED901-C73A-4731-99C5-FCE04D6EE48D}.Ad-Hoc|iPhone.ActiveCfg = Release|Any CPU
		{5C2ED901-C73A-4731-99C5-FCE04D6EE48D}.Ad-Hoc|iPhoneSimulator.ActiveCfg = Release|Any CPU
		{5C2ED901-C73A-4731-99C5-FCE04D6EE48D}.Ad-Hoc|Mixed Platforms.ActiveCfg = Release|Any CPU
		{5C2ED901-C73A-4731-99C5-FCE04D6EE48D}.Ad-Hoc|Mixed Platforms.Build.0 = Release|Any CPU
		{5C2ED901-C73A-4731-99C5-FCE04D6EE48D}.Ad-Hoc|x64.ActiveCfg = Debug|Any CPU
		{5C2ED901-C73A-4731-99C5-FCE04D6EE48D}.Ad-Hoc|x86.ActiveCfg = Release|Any CPU
		{5C2ED901-C73A-4731-99C5-FCE04D6EE48D}.AppStore|Any CPU.ActiveCfg = Release|Any CPU
		{5C2ED901-C73A-4731-99C5-FCE04D6EE48D}.AppStore|Any CPU.Build.0 = Release|Any CPU
		{5C2ED901-C73A-4731-99C5-FCE04D6EE48D}.AppStore|ARM.ActiveCfg = Debug|Any CPU
		{5C2ED901-C73A-4731-99C5-FCE04D6EE48D}.AppStore|iPhone.ActiveCfg = Release|Any CPU
		{5C2ED901-C73A-4731-99C5-FCE04D6EE48D}.AppStore|iPhoneSimulator.ActiveCfg = Release|Any CPU
		{5C2ED901-C73A-4731-99C5-FCE04D6EE48D}.AppStore|Mixed Platforms.ActiveCfg = Release|Any CPU
		{5C2ED901-C73A-4731-99C5-FCE04D6EE48D}.AppStore|Mixed Platforms.Build.0 = Release|Any CPU
		{5C2ED901-C73A-4731-99C5-FCE04D6EE48D}.AppStore|x64.ActiveCfg = Debug|Any CPU
		{5C2ED901-C73A-4731-99C5-FCE04D6EE48D}.AppStore|x86.ActiveCfg = Release|Any CPU
		{5C2ED901-C73A-4731-99C5-FCE04D6EE48D}.Debug|Any CPU.ActiveCfg = Debug|Any CPU
		{5C2ED901-C73A-4731-99C5-FCE04D6EE48D}.Debug|Any CPU.Build.0 = Debug|Any CPU
		{5C2ED901-C73A-4731-99C5-FCE04D6EE48D}.Debug|ARM.ActiveCfg = Debug|Any CPU
		{5C2ED901-C73A-4731-99C5-FCE04D6EE48D}.Debug|iPhone.ActiveCfg = Debug|Any CPU
		{5C2ED901-C73A-4731-99C5-FCE04D6EE48D}.Debug|iPhoneSimulator.ActiveCfg = Debug|Any CPU
		{5C2ED901-C73A-4731-99C5-FCE04D6EE48D}.Debug|Mixed Platforms.ActiveCfg = Debug|Any CPU
		{5C2ED901-C73A-4731-99C5-FCE04D6EE48D}.Debug|Mixed Platforms.Build.0 = Debug|Any CPU
		{5C2ED901-C73A-4731-99C5-FCE04D6EE48D}.Debug|x64.ActiveCfg = Debug|Any CPU
		{5C2ED901-C73A-4731-99C5-FCE04D6EE48D}.Debug|x86.ActiveCfg = Debug|Any CPU
		{5C2ED901-C73A-4731-99C5-FCE04D6EE48D}.Release|Any CPU.ActiveCfg = Release|Any CPU
		{5C2ED901-C73A-4731-99C5-FCE04D6EE48D}.Release|Any CPU.Build.0 = Release|Any CPU
		{5C2ED901-C73A-4731-99C5-FCE04D6EE48D}.Release|ARM.ActiveCfg = Release|Any CPU
		{5C2ED901-C73A-4731-99C5-FCE04D6EE48D}.Release|iPhone.ActiveCfg = Release|Any CPU
		{5C2ED901-C73A-4731-99C5-FCE04D6EE48D}.Release|iPhoneSimulator.ActiveCfg = Release|Any CPU
		{5C2ED901-C73A-4731-99C5-FCE04D6EE48D}.Release|Mixed Platforms.ActiveCfg = Release|Any CPU
		{5C2ED901-C73A-4731-99C5-FCE04D6EE48D}.Release|Mixed Platforms.Build.0 = Release|Any CPU
		{5C2ED901-C73A-4731-99C5-FCE04D6EE48D}.Release|x64.ActiveCfg = Release|Any CPU
		{5C2ED901-C73A-4731-99C5-FCE04D6EE48D}.Release|x86.ActiveCfg = Release|Any CPU
		{D76CCC99-B783-4298-A25A-106F32125BBD}.Ad-Hoc|Any CPU.ActiveCfg = Release|Any CPU
		{D76CCC99-B783-4298-A25A-106F32125BBD}.Ad-Hoc|Any CPU.Build.0 = Release|Any CPU
		{D76CCC99-B783-4298-A25A-106F32125BBD}.Ad-Hoc|ARM.ActiveCfg = Release|ARM
		{D76CCC99-B783-4298-A25A-106F32125BBD}.Ad-Hoc|ARM.Build.0 = Release|ARM
		{D76CCC99-B783-4298-A25A-106F32125BBD}.Ad-Hoc|iPhone.ActiveCfg = Release|Any CPU
		{D76CCC99-B783-4298-A25A-106F32125BBD}.Ad-Hoc|iPhoneSimulator.ActiveCfg = Release|Any CPU
		{D76CCC99-B783-4298-A25A-106F32125BBD}.Ad-Hoc|Mixed Platforms.ActiveCfg = Release|x86
		{D76CCC99-B783-4298-A25A-106F32125BBD}.Ad-Hoc|Mixed Platforms.Build.0 = Release|x86
		{D76CCC99-B783-4298-A25A-106F32125BBD}.Ad-Hoc|x64.ActiveCfg = Release|Any CPU
		{D76CCC99-B783-4298-A25A-106F32125BBD}.Ad-Hoc|x86.ActiveCfg = Release|x86
		{D76CCC99-B783-4298-A25A-106F32125BBD}.Ad-Hoc|x86.Build.0 = Release|x86
		{D76CCC99-B783-4298-A25A-106F32125BBD}.AppStore|Any CPU.ActiveCfg = Release|Any CPU
		{D76CCC99-B783-4298-A25A-106F32125BBD}.AppStore|Any CPU.Build.0 = Release|Any CPU
		{D76CCC99-B783-4298-A25A-106F32125BBD}.AppStore|ARM.ActiveCfg = Release|ARM
		{D76CCC99-B783-4298-A25A-106F32125BBD}.AppStore|ARM.Build.0 = Release|ARM
		{D76CCC99-B783-4298-A25A-106F32125BBD}.AppStore|iPhone.ActiveCfg = Release|Any CPU
		{D76CCC99-B783-4298-A25A-106F32125BBD}.AppStore|iPhoneSimulator.ActiveCfg = Release|Any CPU
		{D76CCC99-B783-4298-A25A-106F32125BBD}.AppStore|Mixed Platforms.ActiveCfg = Release|x86
		{D76CCC99-B783-4298-A25A-106F32125BBD}.AppStore|Mixed Platforms.Build.0 = Release|x86
		{D76CCC99-B783-4298-A25A-106F32125BBD}.AppStore|x64.ActiveCfg = Release|Any CPU
		{D76CCC99-B783-4298-A25A-106F32125BBD}.AppStore|x86.ActiveCfg = Release|x86
		{D76CCC99-B783-4298-A25A-106F32125BBD}.AppStore|x86.Build.0 = Release|x86
		{D76CCC99-B783-4298-A25A-106F32125BBD}.Debug|Any CPU.ActiveCfg = Debug|Any CPU
		{D76CCC99-B783-4298-A25A-106F32125BBD}.Debug|Any CPU.Build.0 = Debug|Any CPU
		{D76CCC99-B783-4298-A25A-106F32125BBD}.Debug|ARM.ActiveCfg = Debug|ARM
		{D76CCC99-B783-4298-A25A-106F32125BBD}.Debug|ARM.Build.0 = Debug|ARM
		{D76CCC99-B783-4298-A25A-106F32125BBD}.Debug|iPhone.ActiveCfg = Debug|Any CPU
		{D76CCC99-B783-4298-A25A-106F32125BBD}.Debug|iPhoneSimulator.ActiveCfg = Debug|Any CPU
		{D76CCC99-B783-4298-A25A-106F32125BBD}.Debug|Mixed Platforms.ActiveCfg = Debug|x86
		{D76CCC99-B783-4298-A25A-106F32125BBD}.Debug|Mixed Platforms.Build.0 = Debug|x86
		{D76CCC99-B783-4298-A25A-106F32125BBD}.Debug|x64.ActiveCfg = Debug|Any CPU
		{D76CCC99-B783-4298-A25A-106F32125BBD}.Debug|x86.ActiveCfg = Debug|x86
		{D76CCC99-B783-4298-A25A-106F32125BBD}.Debug|x86.Build.0 = Debug|x86
		{D76CCC99-B783-4298-A25A-106F32125BBD}.Release|Any CPU.ActiveCfg = Release|Any CPU
		{D76CCC99-B783-4298-A25A-106F32125BBD}.Release|Any CPU.Build.0 = Release|Any CPU
		{D76CCC99-B783-4298-A25A-106F32125BBD}.Release|ARM.ActiveCfg = Release|ARM
		{D76CCC99-B783-4298-A25A-106F32125BBD}.Release|ARM.Build.0 = Release|ARM
		{D76CCC99-B783-4298-A25A-106F32125BBD}.Release|iPhone.ActiveCfg = Release|Any CPU
		{D76CCC99-B783-4298-A25A-106F32125BBD}.Release|iPhoneSimulator.ActiveCfg = Release|Any CPU
		{D76CCC99-B783-4298-A25A-106F32125BBD}.Release|Mixed Platforms.ActiveCfg = Release|x86
		{D76CCC99-B783-4298-A25A-106F32125BBD}.Release|Mixed Platforms.Build.0 = Release|x86
		{D76CCC99-B783-4298-A25A-106F32125BBD}.Release|x64.ActiveCfg = Release|Any CPU
		{D76CCC99-B783-4298-A25A-106F32125BBD}.Release|x86.ActiveCfg = Release|x86
		{D76CCC99-B783-4298-A25A-106F32125BBD}.Release|x86.Build.0 = Release|x86
		{3EA37A89-D77E-426B-8D81-D34C527A219F}.Ad-Hoc|Any CPU.ActiveCfg = Release|Any CPU
		{3EA37A89-D77E-426B-8D81-D34C527A219F}.Ad-Hoc|Any CPU.Build.0 = Release|Any CPU
		{3EA37A89-D77E-426B-8D81-D34C527A219F}.Ad-Hoc|Any CPU.Deploy.0 = Release|Any CPU
		{3EA37A89-D77E-426B-8D81-D34C527A219F}.Ad-Hoc|ARM.ActiveCfg = Release|ARM
		{3EA37A89-D77E-426B-8D81-D34C527A219F}.Ad-Hoc|ARM.Build.0 = Release|ARM
		{3EA37A89-D77E-426B-8D81-D34C527A219F}.Ad-Hoc|ARM.Deploy.0 = Release|ARM
		{3EA37A89-D77E-426B-8D81-D34C527A219F}.Ad-Hoc|iPhone.ActiveCfg = Release|Any CPU
		{3EA37A89-D77E-426B-8D81-D34C527A219F}.Ad-Hoc|iPhoneSimulator.ActiveCfg = Release|Any CPU
		{3EA37A89-D77E-426B-8D81-D34C527A219F}.Ad-Hoc|Mixed Platforms.ActiveCfg = Release|x86
		{3EA37A89-D77E-426B-8D81-D34C527A219F}.Ad-Hoc|Mixed Platforms.Build.0 = Release|x86
		{3EA37A89-D77E-426B-8D81-D34C527A219F}.Ad-Hoc|Mixed Platforms.Deploy.0 = Release|x86
		{3EA37A89-D77E-426B-8D81-D34C527A219F}.Ad-Hoc|x64.ActiveCfg = Release|Any CPU
		{3EA37A89-D77E-426B-8D81-D34C527A219F}.Ad-Hoc|x86.ActiveCfg = Release|x86
		{3EA37A89-D77E-426B-8D81-D34C527A219F}.Ad-Hoc|x86.Build.0 = Release|x86
		{3EA37A89-D77E-426B-8D81-D34C527A219F}.Ad-Hoc|x86.Deploy.0 = Release|x86
		{3EA37A89-D77E-426B-8D81-D34C527A219F}.AppStore|Any CPU.ActiveCfg = Release|Any CPU
		{3EA37A89-D77E-426B-8D81-D34C527A219F}.AppStore|Any CPU.Build.0 = Release|Any CPU
		{3EA37A89-D77E-426B-8D81-D34C527A219F}.AppStore|Any CPU.Deploy.0 = Release|Any CPU
		{3EA37A89-D77E-426B-8D81-D34C527A219F}.AppStore|ARM.ActiveCfg = Release|ARM
		{3EA37A89-D77E-426B-8D81-D34C527A219F}.AppStore|ARM.Build.0 = Release|ARM
		{3EA37A89-D77E-426B-8D81-D34C527A219F}.AppStore|ARM.Deploy.0 = Release|ARM
		{3EA37A89-D77E-426B-8D81-D34C527A219F}.AppStore|iPhone.ActiveCfg = Release|Any CPU
		{3EA37A89-D77E-426B-8D81-D34C527A219F}.AppStore|iPhoneSimulator.ActiveCfg = Release|Any CPU
		{3EA37A89-D77E-426B-8D81-D34C527A219F}.AppStore|Mixed Platforms.ActiveCfg = Release|x86
		{3EA37A89-D77E-426B-8D81-D34C527A219F}.AppStore|Mixed Platforms.Build.0 = Release|x86
		{3EA37A89-D77E-426B-8D81-D34C527A219F}.AppStore|Mixed Platforms.Deploy.0 = Release|x86
		{3EA37A89-D77E-426B-8D81-D34C527A219F}.AppStore|x64.ActiveCfg = Release|Any CPU
		{3EA37A89-D77E-426B-8D81-D34C527A219F}.AppStore|x86.ActiveCfg = Release|x86
		{3EA37A89-D77E-426B-8D81-D34C527A219F}.AppStore|x86.Build.0 = Release|x86
		{3EA37A89-D77E-426B-8D81-D34C527A219F}.AppStore|x86.Deploy.0 = Release|x86
		{3EA37A89-D77E-426B-8D81-D34C527A219F}.Debug|Any CPU.ActiveCfg = Debug|Any CPU
		{3EA37A89-D77E-426B-8D81-D34C527A219F}.Debug|Any CPU.Build.0 = Debug|Any CPU
		{3EA37A89-D77E-426B-8D81-D34C527A219F}.Debug|Any CPU.Deploy.0 = Debug|Any CPU
		{3EA37A89-D77E-426B-8D81-D34C527A219F}.Debug|ARM.ActiveCfg = Debug|ARM
		{3EA37A89-D77E-426B-8D81-D34C527A219F}.Debug|ARM.Build.0 = Debug|ARM
		{3EA37A89-D77E-426B-8D81-D34C527A219F}.Debug|ARM.Deploy.0 = Debug|ARM
		{3EA37A89-D77E-426B-8D81-D34C527A219F}.Debug|iPhone.ActiveCfg = Debug|Any CPU
		{3EA37A89-D77E-426B-8D81-D34C527A219F}.Debug|iPhoneSimulator.ActiveCfg = Debug|Any CPU
		{3EA37A89-D77E-426B-8D81-D34C527A219F}.Debug|Mixed Platforms.ActiveCfg = Debug|x86
		{3EA37A89-D77E-426B-8D81-D34C527A219F}.Debug|Mixed Platforms.Build.0 = Debug|x86
		{3EA37A89-D77E-426B-8D81-D34C527A219F}.Debug|Mixed Platforms.Deploy.0 = Debug|x86
		{3EA37A89-D77E-426B-8D81-D34C527A219F}.Debug|x64.ActiveCfg = Debug|Any CPU
		{3EA37A89-D77E-426B-8D81-D34C527A219F}.Debug|x86.ActiveCfg = Debug|x86
		{3EA37A89-D77E-426B-8D81-D34C527A219F}.Debug|x86.Build.0 = Debug|x86
		{3EA37A89-D77E-426B-8D81-D34C527A219F}.Debug|x86.Deploy.0 = Debug|x86
		{3EA37A89-D77E-426B-8D81-D34C527A219F}.Release|Any CPU.ActiveCfg = Release|Any CPU
		{3EA37A89-D77E-426B-8D81-D34C527A219F}.Release|Any CPU.Build.0 = Release|Any CPU
		{3EA37A89-D77E-426B-8D81-D34C527A219F}.Release|Any CPU.Deploy.0 = Release|Any CPU
		{3EA37A89-D77E-426B-8D81-D34C527A219F}.Release|ARM.ActiveCfg = Release|ARM
		{3EA37A89-D77E-426B-8D81-D34C527A219F}.Release|ARM.Build.0 = Release|ARM
		{3EA37A89-D77E-426B-8D81-D34C527A219F}.Release|ARM.Deploy.0 = Release|ARM
		{3EA37A89-D77E-426B-8D81-D34C527A219F}.Release|iPhone.ActiveCfg = Release|Any CPU
		{3EA37A89-D77E-426B-8D81-D34C527A219F}.Release|iPhoneSimulator.ActiveCfg = Release|Any CPU
		{3EA37A89-D77E-426B-8D81-D34C527A219F}.Release|Mixed Platforms.ActiveCfg = Release|x86
		{3EA37A89-D77E-426B-8D81-D34C527A219F}.Release|Mixed Platforms.Build.0 = Release|x86
		{3EA37A89-D77E-426B-8D81-D34C527A219F}.Release|Mixed Platforms.Deploy.0 = Release|x86
		{3EA37A89-D77E-426B-8D81-D34C527A219F}.Release|x64.ActiveCfg = Release|Any CPU
		{3EA37A89-D77E-426B-8D81-D34C527A219F}.Release|x86.ActiveCfg = Release|x86
		{3EA37A89-D77E-426B-8D81-D34C527A219F}.Release|x86.Build.0 = Release|x86
		{3EA37A89-D77E-426B-8D81-D34C527A219F}.Release|x86.Deploy.0 = Release|x86
		{2BF8BEE3-EB9B-43C9-80CF-AC0560170A06}.Ad-Hoc|Any CPU.ActiveCfg = Release|Any CPU
		{2BF8BEE3-EB9B-43C9-80CF-AC0560170A06}.Ad-Hoc|Any CPU.Build.0 = Release|Any CPU
		{2BF8BEE3-EB9B-43C9-80CF-AC0560170A06}.Ad-Hoc|ARM.ActiveCfg = Release|ARM
		{2BF8BEE3-EB9B-43C9-80CF-AC0560170A06}.Ad-Hoc|ARM.Build.0 = Release|ARM
		{2BF8BEE3-EB9B-43C9-80CF-AC0560170A06}.Ad-Hoc|iPhone.ActiveCfg = Release|Any CPU
		{2BF8BEE3-EB9B-43C9-80CF-AC0560170A06}.Ad-Hoc|iPhoneSimulator.ActiveCfg = Release|Any CPU
		{2BF8BEE3-EB9B-43C9-80CF-AC0560170A06}.Ad-Hoc|Mixed Platforms.ActiveCfg = Release|x86
		{2BF8BEE3-EB9B-43C9-80CF-AC0560170A06}.Ad-Hoc|Mixed Platforms.Build.0 = Release|x86
		{2BF8BEE3-EB9B-43C9-80CF-AC0560170A06}.Ad-Hoc|x64.ActiveCfg = Release|x64
		{2BF8BEE3-EB9B-43C9-80CF-AC0560170A06}.Ad-Hoc|x64.Build.0 = Release|x64
		{2BF8BEE3-EB9B-43C9-80CF-AC0560170A06}.Ad-Hoc|x86.ActiveCfg = Release|x86
		{2BF8BEE3-EB9B-43C9-80CF-AC0560170A06}.Ad-Hoc|x86.Build.0 = Release|x86
		{2BF8BEE3-EB9B-43C9-80CF-AC0560170A06}.AppStore|Any CPU.ActiveCfg = Release|Any CPU
		{2BF8BEE3-EB9B-43C9-80CF-AC0560170A06}.AppStore|Any CPU.Build.0 = Release|Any CPU
		{2BF8BEE3-EB9B-43C9-80CF-AC0560170A06}.AppStore|ARM.ActiveCfg = Release|ARM
		{2BF8BEE3-EB9B-43C9-80CF-AC0560170A06}.AppStore|ARM.Build.0 = Release|ARM
		{2BF8BEE3-EB9B-43C9-80CF-AC0560170A06}.AppStore|iPhone.ActiveCfg = Release|Any CPU
		{2BF8BEE3-EB9B-43C9-80CF-AC0560170A06}.AppStore|iPhoneSimulator.ActiveCfg = Release|Any CPU
		{2BF8BEE3-EB9B-43C9-80CF-AC0560170A06}.AppStore|Mixed Platforms.ActiveCfg = Release|x86
		{2BF8BEE3-EB9B-43C9-80CF-AC0560170A06}.AppStore|Mixed Platforms.Build.0 = Release|x86
		{2BF8BEE3-EB9B-43C9-80CF-AC0560170A06}.AppStore|x64.ActiveCfg = Release|x64
		{2BF8BEE3-EB9B-43C9-80CF-AC0560170A06}.AppStore|x64.Build.0 = Release|x64
		{2BF8BEE3-EB9B-43C9-80CF-AC0560170A06}.AppStore|x86.ActiveCfg = Release|x86
		{2BF8BEE3-EB9B-43C9-80CF-AC0560170A06}.AppStore|x86.Build.0 = Release|x86
		{2BF8BEE3-EB9B-43C9-80CF-AC0560170A06}.Debug|Any CPU.ActiveCfg = Debug|Any CPU
		{2BF8BEE3-EB9B-43C9-80CF-AC0560170A06}.Debug|Any CPU.Build.0 = Debug|Any CPU
		{2BF8BEE3-EB9B-43C9-80CF-AC0560170A06}.Debug|ARM.ActiveCfg = Debug|ARM
		{2BF8BEE3-EB9B-43C9-80CF-AC0560170A06}.Debug|ARM.Build.0 = Debug|ARM
		{2BF8BEE3-EB9B-43C9-80CF-AC0560170A06}.Debug|iPhone.ActiveCfg = Debug|Any CPU
		{2BF8BEE3-EB9B-43C9-80CF-AC0560170A06}.Debug|iPhoneSimulator.ActiveCfg = Debug|Any CPU
		{2BF8BEE3-EB9B-43C9-80CF-AC0560170A06}.Debug|Mixed Platforms.ActiveCfg = Debug|x86
		{2BF8BEE3-EB9B-43C9-80CF-AC0560170A06}.Debug|Mixed Platforms.Build.0 = Debug|x86
		{2BF8BEE3-EB9B-43C9-80CF-AC0560170A06}.Debug|x64.ActiveCfg = Debug|x64
		{2BF8BEE3-EB9B-43C9-80CF-AC0560170A06}.Debug|x64.Build.0 = Debug|x64
		{2BF8BEE3-EB9B-43C9-80CF-AC0560170A06}.Debug|x86.ActiveCfg = Debug|x86
		{2BF8BEE3-EB9B-43C9-80CF-AC0560170A06}.Debug|x86.Build.0 = Debug|x86
		{2BF8BEE3-EB9B-43C9-80CF-AC0560170A06}.Release|Any CPU.ActiveCfg = Release|Any CPU
		{2BF8BEE3-EB9B-43C9-80CF-AC0560170A06}.Release|Any CPU.Build.0 = Release|Any CPU
		{2BF8BEE3-EB9B-43C9-80CF-AC0560170A06}.Release|ARM.ActiveCfg = Release|ARM
		{2BF8BEE3-EB9B-43C9-80CF-AC0560170A06}.Release|ARM.Build.0 = Release|ARM
		{2BF8BEE3-EB9B-43C9-80CF-AC0560170A06}.Release|iPhone.ActiveCfg = Release|Any CPU
		{2BF8BEE3-EB9B-43C9-80CF-AC0560170A06}.Release|iPhoneSimulator.ActiveCfg = Release|Any CPU
		{2BF8BEE3-EB9B-43C9-80CF-AC0560170A06}.Release|Mixed Platforms.ActiveCfg = Release|x86
		{2BF8BEE3-EB9B-43C9-80CF-AC0560170A06}.Release|Mixed Platforms.Build.0 = Release|x86
		{2BF8BEE3-EB9B-43C9-80CF-AC0560170A06}.Release|x64.ActiveCfg = Release|x64
		{2BF8BEE3-EB9B-43C9-80CF-AC0560170A06}.Release|x64.Build.0 = Release|x64
		{2BF8BEE3-EB9B-43C9-80CF-AC0560170A06}.Release|x86.ActiveCfg = Release|x86
		{2BF8BEE3-EB9B-43C9-80CF-AC0560170A06}.Release|x86.Build.0 = Release|x86
		{9B4EA520-2E7A-4B5A-B5CB-74B086ECD0AB}.Ad-Hoc|Any CPU.ActiveCfg = Release|Any CPU
		{9B4EA520-2E7A-4B5A-B5CB-74B086ECD0AB}.Ad-Hoc|Any CPU.Build.0 = Release|Any CPU
		{9B4EA520-2E7A-4B5A-B5CB-74B086ECD0AB}.Ad-Hoc|Any CPU.Deploy.0 = Release|Any CPU
		{9B4EA520-2E7A-4B5A-B5CB-74B086ECD0AB}.Ad-Hoc|ARM.ActiveCfg = Release|ARM
		{9B4EA520-2E7A-4B5A-B5CB-74B086ECD0AB}.Ad-Hoc|ARM.Build.0 = Release|ARM
		{9B4EA520-2E7A-4B5A-B5CB-74B086ECD0AB}.Ad-Hoc|ARM.Deploy.0 = Release|ARM
		{9B4EA520-2E7A-4B5A-B5CB-74B086ECD0AB}.Ad-Hoc|iPhone.ActiveCfg = Release|Any CPU
		{9B4EA520-2E7A-4B5A-B5CB-74B086ECD0AB}.Ad-Hoc|iPhoneSimulator.ActiveCfg = Release|Any CPU
		{9B4EA520-2E7A-4B5A-B5CB-74B086ECD0AB}.Ad-Hoc|Mixed Platforms.ActiveCfg = Release|x86
		{9B4EA520-2E7A-4B5A-B5CB-74B086ECD0AB}.Ad-Hoc|Mixed Platforms.Build.0 = Release|x86
		{9B4EA520-2E7A-4B5A-B5CB-74B086ECD0AB}.Ad-Hoc|Mixed Platforms.Deploy.0 = Release|x86
		{9B4EA520-2E7A-4B5A-B5CB-74B086ECD0AB}.Ad-Hoc|x64.ActiveCfg = Release|x64
		{9B4EA520-2E7A-4B5A-B5CB-74B086ECD0AB}.Ad-Hoc|x64.Build.0 = Release|x64
		{9B4EA520-2E7A-4B5A-B5CB-74B086ECD0AB}.Ad-Hoc|x64.Deploy.0 = Release|x64
		{9B4EA520-2E7A-4B5A-B5CB-74B086ECD0AB}.Ad-Hoc|x86.ActiveCfg = Release|x86
		{9B4EA520-2E7A-4B5A-B5CB-74B086ECD0AB}.Ad-Hoc|x86.Build.0 = Release|x86
		{9B4EA520-2E7A-4B5A-B5CB-74B086ECD0AB}.Ad-Hoc|x86.Deploy.0 = Release|x86
		{9B4EA520-2E7A-4B5A-B5CB-74B086ECD0AB}.AppStore|Any CPU.ActiveCfg = Release|Any CPU
		{9B4EA520-2E7A-4B5A-B5CB-74B086ECD0AB}.AppStore|Any CPU.Build.0 = Release|Any CPU
		{9B4EA520-2E7A-4B5A-B5CB-74B086ECD0AB}.AppStore|Any CPU.Deploy.0 = Release|Any CPU
		{9B4EA520-2E7A-4B5A-B5CB-74B086ECD0AB}.AppStore|ARM.ActiveCfg = Release|ARM
		{9B4EA520-2E7A-4B5A-B5CB-74B086ECD0AB}.AppStore|ARM.Build.0 = Release|ARM
		{9B4EA520-2E7A-4B5A-B5CB-74B086ECD0AB}.AppStore|ARM.Deploy.0 = Release|ARM
		{9B4EA520-2E7A-4B5A-B5CB-74B086ECD0AB}.AppStore|iPhone.ActiveCfg = Release|Any CPU
		{9B4EA520-2E7A-4B5A-B5CB-74B086ECD0AB}.AppStore|iPhoneSimulator.ActiveCfg = Release|Any CPU
		{9B4EA520-2E7A-4B5A-B5CB-74B086ECD0AB}.AppStore|Mixed Platforms.ActiveCfg = Release|x86
		{9B4EA520-2E7A-4B5A-B5CB-74B086ECD0AB}.AppStore|Mixed Platforms.Build.0 = Release|x86
		{9B4EA520-2E7A-4B5A-B5CB-74B086ECD0AB}.AppStore|Mixed Platforms.Deploy.0 = Release|x86
		{9B4EA520-2E7A-4B5A-B5CB-74B086ECD0AB}.AppStore|x64.ActiveCfg = Release|x64
		{9B4EA520-2E7A-4B5A-B5CB-74B086ECD0AB}.AppStore|x64.Build.0 = Release|x64
		{9B4EA520-2E7A-4B5A-B5CB-74B086ECD0AB}.AppStore|x64.Deploy.0 = Release|x64
		{9B4EA520-2E7A-4B5A-B5CB-74B086ECD0AB}.AppStore|x86.ActiveCfg = Release|x86
		{9B4EA520-2E7A-4B5A-B5CB-74B086ECD0AB}.AppStore|x86.Build.0 = Release|x86
		{9B4EA520-2E7A-4B5A-B5CB-74B086ECD0AB}.AppStore|x86.Deploy.0 = Release|x86
		{9B4EA520-2E7A-4B5A-B5CB-74B086ECD0AB}.Debug|Any CPU.ActiveCfg = Debug|Any CPU
		{9B4EA520-2E7A-4B5A-B5CB-74B086ECD0AB}.Debug|Any CPU.Build.0 = Debug|Any CPU
		{9B4EA520-2E7A-4B5A-B5CB-74B086ECD0AB}.Debug|Any CPU.Deploy.0 = Debug|Any CPU
		{9B4EA520-2E7A-4B5A-B5CB-74B086ECD0AB}.Debug|ARM.ActiveCfg = Debug|ARM
		{9B4EA520-2E7A-4B5A-B5CB-74B086ECD0AB}.Debug|ARM.Build.0 = Debug|ARM
		{9B4EA520-2E7A-4B5A-B5CB-74B086ECD0AB}.Debug|ARM.Deploy.0 = Debug|ARM
		{9B4EA520-2E7A-4B5A-B5CB-74B086ECD0AB}.Debug|iPhone.ActiveCfg = Debug|Any CPU
		{9B4EA520-2E7A-4B5A-B5CB-74B086ECD0AB}.Debug|iPhoneSimulator.ActiveCfg = Debug|Any CPU
		{9B4EA520-2E7A-4B5A-B5CB-74B086ECD0AB}.Debug|Mixed Platforms.ActiveCfg = Debug|x86
		{9B4EA520-2E7A-4B5A-B5CB-74B086ECD0AB}.Debug|Mixed Platforms.Build.0 = Debug|x86
		{9B4EA520-2E7A-4B5A-B5CB-74B086ECD0AB}.Debug|Mixed Platforms.Deploy.0 = Debug|x86
		{9B4EA520-2E7A-4B5A-B5CB-74B086ECD0AB}.Debug|x64.ActiveCfg = Debug|x64
		{9B4EA520-2E7A-4B5A-B5CB-74B086ECD0AB}.Debug|x64.Build.0 = Debug|x64
		{9B4EA520-2E7A-4B5A-B5CB-74B086ECD0AB}.Debug|x64.Deploy.0 = Debug|x64
		{9B4EA520-2E7A-4B5A-B5CB-74B086ECD0AB}.Debug|x86.ActiveCfg = Debug|x86
		{9B4EA520-2E7A-4B5A-B5CB-74B086ECD0AB}.Debug|x86.Build.0 = Debug|x86
		{9B4EA520-2E7A-4B5A-B5CB-74B086ECD0AB}.Debug|x86.Deploy.0 = Debug|x86
		{9B4EA520-2E7A-4B5A-B5CB-74B086ECD0AB}.Release|Any CPU.ActiveCfg = Release|Any CPU
		{9B4EA520-2E7A-4B5A-B5CB-74B086ECD0AB}.Release|Any CPU.Build.0 = Release|Any CPU
		{9B4EA520-2E7A-4B5A-B5CB-74B086ECD0AB}.Release|Any CPU.Deploy.0 = Release|Any CPU
		{9B4EA520-2E7A-4B5A-B5CB-74B086ECD0AB}.Release|ARM.ActiveCfg = Release|ARM
		{9B4EA520-2E7A-4B5A-B5CB-74B086ECD0AB}.Release|ARM.Build.0 = Release|ARM
		{9B4EA520-2E7A-4B5A-B5CB-74B086ECD0AB}.Release|ARM.Deploy.0 = Release|ARM
		{9B4EA520-2E7A-4B5A-B5CB-74B086ECD0AB}.Release|iPhone.ActiveCfg = Release|Any CPU
		{9B4EA520-2E7A-4B5A-B5CB-74B086ECD0AB}.Release|iPhoneSimulator.ActiveCfg = Release|Any CPU
		{9B4EA520-2E7A-4B5A-B5CB-74B086ECD0AB}.Release|Mixed Platforms.ActiveCfg = Release|x86
		{9B4EA520-2E7A-4B5A-B5CB-74B086ECD0AB}.Release|Mixed Platforms.Build.0 = Release|x86
		{9B4EA520-2E7A-4B5A-B5CB-74B086ECD0AB}.Release|Mixed Platforms.Deploy.0 = Release|x86
		{9B4EA520-2E7A-4B5A-B5CB-74B086ECD0AB}.Release|x64.ActiveCfg = Release|x64
		{9B4EA520-2E7A-4B5A-B5CB-74B086ECD0AB}.Release|x64.Build.0 = Release|x64
		{9B4EA520-2E7A-4B5A-B5CB-74B086ECD0AB}.Release|x64.Deploy.0 = Release|x64
		{9B4EA520-2E7A-4B5A-B5CB-74B086ECD0AB}.Release|x86.ActiveCfg = Release|x86
		{9B4EA520-2E7A-4B5A-B5CB-74B086ECD0AB}.Release|x86.Build.0 = Release|x86
		{9B4EA520-2E7A-4B5A-B5CB-74B086ECD0AB}.Release|x86.Deploy.0 = Release|x86
	EndGlobalSection
	GlobalSection(SolutionProperties) = preSolution
		HideSolutionNode = FALSE
	EndGlobalSection
	GlobalSection(NestedProjects) = preSolution
		{E31204CC-9752-41AB-AD76-90013E6A24B7} = {7EAE53D3-ABFF-4037-90AA-FB609F142BB2}
		{FDDA2F57-B85D-407A-9521-35AF5D917A0E} = {7EAE53D3-ABFF-4037-90AA-FB609F142BB2}
		{A6CE1A88-EA82-4DD2-9284-54192FC1EEF4} = {7EAE53D3-ABFF-4037-90AA-FB609F142BB2}
		{D4C6C28D-4B59-4D8D-97E2-6CA701E504E4} = {7EAE53D3-ABFF-4037-90AA-FB609F142BB2}
		{3EA37A89-D77E-426B-8D81-D34C527A219F} = {7EAE53D3-ABFF-4037-90AA-FB609F142BB2}
		{9B4EA520-2E7A-4B5A-B5CB-74B086ECD0AB} = {7EAE53D3-ABFF-4037-90AA-FB609F142BB2}
	EndGlobalSection
EndGlobal
