
Microsoft Visual Studio Solution File, Format Version 12.00
# Visual Studio 2013
VisualStudioVersion = 12.0.30501.0
MinimumVisualStudioVersion = 10.0.40219.1
Project("{D954291E-2A0B-460D-934E-DC6B0785DB48}") = "Sparkle.Engine.Shared", "Sparkle.Engine.Shared\Sparkle.Engine.Shared.shproj", "{0B35C262-DDC4-4863-9636-6D21D3E53B86}"
EndProject
Project("{2150E333-8FDC-42A3-9474-1A3956D46DE8}") = "Sparkle.Engine.Samples", "Sparkle.Engine.Samples", "{7EAE53D3-ABFF-4037-90AA-FB609F142BB2}"
EndProject
Project("{FAE04EC0-301F-11D3-BF4B-00C04F79EFBC}") = "Sparkle.Engine.Samples.iOS", "Sparkle.Engine.Samples\Sparkle.Engine.Samples.iOS\Sparkle.Engine.Samples.iOS.csproj", "{E31204CC-9752-41AB-AD76-90013E6A24B7}"
EndProject
Project("{FAE04EC0-301F-11D3-BF4B-00C04F79EFBC}") = "Sparkle.Engine.Samples.Windows", "Sparkle.Engine.Samples\Sparkle.Engine.Samples.Windows\Sparkle.Engine.Samples.Windows.csproj", "{FDDA2F57-B85D-407A-9521-35AF5D917A0E}"
EndProject
Project("{D954291E-2A0B-460D-934E-DC6B0785DB48}") = "Sparkle.Engine.Samples.Shared", "Sparkle.Engine.Samples\Sparkle.Engine.Samples.Shared\Sparkle.Engine.Samples.Shared.shproj", "{A6CE1A88-EA82-4DD2-9284-54192FC1EEF4}"
EndProject
Project("{FAE04EC0-301F-11D3-BF4B-00C04F79EFBC}") = "Sparkle.Engine.Samples.Mac", "Sparkle.Engine.Samples\Sparkle.Engine.Samples.Mac\Sparkle.Engine.Samples.Mac.csproj", "{D4C6C28D-4B59-4D8D-97E2-6CA701E504E4}"
EndProject
Project("{FAE04EC0-301F-11D3-BF4B-00C04F79EFBC}") = "Sparkle.Engine.Mac", "Sparkle.Engine.Mac\Sparkle.Engine.Mac.csproj", "{09CFC460-AB96-4236-9AF5-1470C2948CB3}"
EndProject
Project("{FAE04EC0-301F-11D3-BF4B-00C04F79EFBC}") = "Sparkle.Engine.Windows", "Sparkle.Engine.Windows\Sparkle.Engine.Windows.csproj", "{5C2ED901-C73A-4731-99C5-FCE04D6EE48D}"
EndProject
Global
	GlobalSection(SharedMSBuildProjectFiles) = preSolution
		Sparkle.Engine.Shared\Sparkle.Engine.projitems*{0b35c262-ddc4-4863-9636-6d21d3e53b86}*SharedItemsImports = 13
		Sparkle.Engine.Samples\Sparkle.Engine.Samples.Shared\Sparkle.Engine.Samples.Shared.projitems*{a6ce1a88-ea82-4dd2-9284-54192fc1eef4}*SharedItemsImports = 13
		Sparkle.Engine.Shared\Sparkle.Engine.projitems*{5c2ed901-c73a-4731-99c5-fce04d6ee48d}*SharedItemsImports = 4
		Sparkle.Engine.Samples\Sparkle.Engine.Samples.Shared\Sparkle.Engine.Samples.Shared.projitems*{fdda2f57-b85d-407a-9521-35af5d917a0e}*SharedItemsImports = 4
	EndGlobalSection
	GlobalSection(SolutionConfigurationPlatforms) = preSolution
		Ad-Hoc|Any CPU = Ad-Hoc|Any CPU
		Ad-Hoc|iPhone = Ad-Hoc|iPhone
		Ad-Hoc|iPhoneSimulator = Ad-Hoc|iPhoneSimulator
		Ad-Hoc|Mixed Platforms = Ad-Hoc|Mixed Platforms
		Ad-Hoc|x86 = Ad-Hoc|x86
		AppStore|Any CPU = AppStore|Any CPU
		AppStore|iPhone = AppStore|iPhone
		AppStore|iPhoneSimulator = AppStore|iPhoneSimulator
		AppStore|Mixed Platforms = AppStore|Mixed Platforms
		AppStore|x86 = AppStore|x86
		Debug|Any CPU = Debug|Any CPU
		Debug|iPhone = Debug|iPhone
		Debug|iPhoneSimulator = Debug|iPhoneSimulator
		Debug|Mixed Platforms = Debug|Mixed Platforms
		Debug|x86 = Debug|x86
		Release|Any CPU = Release|Any CPU
		Release|iPhone = Release|iPhone
		Release|iPhoneSimulator = Release|iPhoneSimulator
		Release|Mixed Platforms = Release|Mixed Platforms
		Release|x86 = Release|x86
	EndGlobalSection
	GlobalSection(ProjectConfigurationPlatforms) = postSolution
		{E31204CC-9752-41AB-AD76-90013E6A24B7}.Ad-Hoc|Any CPU.ActiveCfg = Ad-Hoc|iPhone
		{E31204CC-9752-41AB-AD76-90013E6A24B7}.Ad-Hoc|iPhone.ActiveCfg = Ad-Hoc|iPhone
		{E31204CC-9752-41AB-AD76-90013E6A24B7}.Ad-Hoc|iPhone.Build.0 = Ad-Hoc|iPhone
		{E31204CC-9752-41AB-AD76-90013E6A24B7}.Ad-Hoc|iPhoneSimulator.ActiveCfg = Ad-Hoc|iPhone
		{E31204CC-9752-41AB-AD76-90013E6A24B7}.Ad-Hoc|Mixed Platforms.ActiveCfg = Ad-Hoc|iPhone
		{E31204CC-9752-41AB-AD76-90013E6A24B7}.Ad-Hoc|x86.ActiveCfg = Ad-Hoc|iPhone
		{E31204CC-9752-41AB-AD76-90013E6A24B7}.AppStore|Any CPU.ActiveCfg = AppStore|iPhone
		{E31204CC-9752-41AB-AD76-90013E6A24B7}.AppStore|iPhone.ActiveCfg = AppStore|iPhone
		{E31204CC-9752-41AB-AD76-90013E6A24B7}.AppStore|iPhone.Build.0 = AppStore|iPhone
		{E31204CC-9752-41AB-AD76-90013E6A24B7}.AppStore|iPhoneSimulator.ActiveCfg = AppStore|iPhone
		{E31204CC-9752-41AB-AD76-90013E6A24B7}.AppStore|Mixed Platforms.ActiveCfg = AppStore|iPhone
		{E31204CC-9752-41AB-AD76-90013E6A24B7}.AppStore|x86.ActiveCfg = AppStore|iPhone
		{E31204CC-9752-41AB-AD76-90013E6A24B7}.Debug|Any CPU.ActiveCfg = Debug|iPhoneSimulator
		{E31204CC-9752-41AB-AD76-90013E6A24B7}.Debug|Any CPU.Build.0 = Debug|iPhoneSimulator
		{E31204CC-9752-41AB-AD76-90013E6A24B7}.Debug|iPhone.ActiveCfg = Debug|iPhone
		{E31204CC-9752-41AB-AD76-90013E6A24B7}.Debug|iPhone.Build.0 = Debug|iPhone
		{E31204CC-9752-41AB-AD76-90013E6A24B7}.Debug|iPhoneSimulator.ActiveCfg = Debug|iPhoneSimulator
		{E31204CC-9752-41AB-AD76-90013E6A24B7}.Debug|iPhoneSimulator.Build.0 = Debug|iPhoneSimulator
		{E31204CC-9752-41AB-AD76-90013E6A24B7}.Debug|Mixed Platforms.ActiveCfg = Debug|iPhoneSimulator
		{E31204CC-9752-41AB-AD76-90013E6A24B7}.Debug|Mixed Platforms.Build.0 = Debug|iPhoneSimulator
		{E31204CC-9752-41AB-AD76-90013E6A24B7}.Debug|x86.ActiveCfg = Debug|iPhoneSimulator
		{E31204CC-9752-41AB-AD76-90013E6A24B7}.Debug|x86.Build.0 = Debug|iPhoneSimulator
		{E31204CC-9752-41AB-AD76-90013E6A24B7}.Release|Any CPU.ActiveCfg = Release|iPhoneSimulator
		{E31204CC-9752-41AB-AD76-90013E6A24B7}.Release|Any CPU.Build.0 = Release|iPhoneSimulator
		{E31204CC-9752-41AB-AD76-90013E6A24B7}.Release|iPhone.ActiveCfg = Release|iPhone
		{E31204CC-9752-41AB-AD76-90013E6A24B7}.Release|iPhone.Build.0 = Release|iPhone
		{E31204CC-9752-41AB-AD76-90013E6A24B7}.Release|iPhoneSimulator.ActiveCfg = Release|iPhoneSimulator
		{E31204CC-9752-41AB-AD76-90013E6A24B7}.Release|iPhoneSimulator.Build.0 = Release|iPhoneSimulator
		{E31204CC-9752-41AB-AD76-90013E6A24B7}.Release|Mixed Platforms.ActiveCfg = Release|iPhoneSimulator
		{E31204CC-9752-41AB-AD76-90013E6A24B7}.Release|Mixed Platforms.Build.0 = Release|iPhoneSimulator
		{E31204CC-9752-41AB-AD76-90013E6A24B7}.Release|x86.ActiveCfg = Release|iPhoneSimulator
		{E31204CC-9752-41AB-AD76-90013E6A24B7}.Release|x86.Build.0 = Release|iPhoneSimulator
		{FDDA2F57-B85D-407A-9521-35AF5D917A0E}.Ad-Hoc|Any CPU.ActiveCfg = Release|x86
		{FDDA2F57-B85D-407A-9521-35AF5D917A0E}.Ad-Hoc|iPhone.ActiveCfg = Debug|x86
		{FDDA2F57-B85D-407A-9521-35AF5D917A0E}.Ad-Hoc|iPhone.Build.0 = Debug|x86
		{FDDA2F57-B85D-407A-9521-35AF5D917A0E}.Ad-Hoc|iPhoneSimulator.ActiveCfg = Release|x86
		{FDDA2F57-B85D-407A-9521-35AF5D917A0E}.Ad-Hoc|Mixed Platforms.ActiveCfg = Release|x86
		{FDDA2F57-B85D-407A-9521-35AF5D917A0E}.Ad-Hoc|x86.ActiveCfg = Release|x86
		{FDDA2F57-B85D-407A-9521-35AF5D917A0E}.AppStore|Any CPU.ActiveCfg = Release|x86
		{FDDA2F57-B85D-407A-9521-35AF5D917A0E}.AppStore|iPhone.ActiveCfg = Debug|x86
		{FDDA2F57-B85D-407A-9521-35AF5D917A0E}.AppStore|iPhone.Build.0 = Debug|x86
		{FDDA2F57-B85D-407A-9521-35AF5D917A0E}.AppStore|iPhoneSimulator.ActiveCfg = Release|x86
		{FDDA2F57-B85D-407A-9521-35AF5D917A0E}.AppStore|Mixed Platforms.ActiveCfg = Release|x86
		{FDDA2F57-B85D-407A-9521-35AF5D917A0E}.AppStore|x86.ActiveCfg = Release|x86
		{FDDA2F57-B85D-407A-9521-35AF5D917A0E}.Debug|Any CPU.ActiveCfg = Debug|x86
		{FDDA2F57-B85D-407A-9521-35AF5D917A0E}.Debug|iPhone.ActiveCfg = Debug|x86
		{FDDA2F57-B85D-407A-9521-35AF5D917A0E}.Debug|iPhone.Build.0 = Debug|x86
		{FDDA2F57-B85D-407A-9521-35AF5D917A0E}.Debug|iPhoneSimulator.ActiveCfg = Debug|x86
		{FDDA2F57-B85D-407A-9521-35AF5D917A0E}.Debug|iPhoneSimulator.Build.0 = Debug|x86
		{FDDA2F57-B85D-407A-9521-35AF5D917A0E}.Debug|Mixed Platforms.ActiveCfg = Debug|x86
		{FDDA2F57-B85D-407A-9521-35AF5D917A0E}.Debug|Mixed Platforms.Build.0 = Debug|x86
		{FDDA2F57-B85D-407A-9521-35AF5D917A0E}.Debug|x86.ActiveCfg = Debug|x86
		{FDDA2F57-B85D-407A-9521-35AF5D917A0E}.Debug|x86.Build.0 = Debug|x86
		{FDDA2F57-B85D-407A-9521-35AF5D917A0E}.Release|Any CPU.ActiveCfg = Release|x86
		{FDDA2F57-B85D-407A-9521-35AF5D917A0E}.Release|iPhone.ActiveCfg = Release|x86
		{FDDA2F57-B85D-407A-9521-35AF5D917A0E}.Release|iPhone.Build.0 = Release|x86
		{FDDA2F57-B85D-407A-9521-35AF5D917A0E}.Release|iPhoneSimulator.ActiveCfg = Release|x86
		{FDDA2F57-B85D-407A-9521-35AF5D917A0E}.Release|iPhoneSimulator.Build.0 = Release|x86
		{FDDA2F57-B85D-407A-9521-35AF5D917A0E}.Release|Mixed Platforms.ActiveCfg = Release|x86
		{FDDA2F57-B85D-407A-9521-35AF5D917A0E}.Release|Mixed Platforms.Build.0 = Release|x86
		{FDDA2F57-B85D-407A-9521-35AF5D917A0E}.Release|x86.ActiveCfg = Release|x86
		{FDDA2F57-B85D-407A-9521-35AF5D917A0E}.Release|x86.Build.0 = Release|x86
		{D4C6C28D-4B59-4D8D-97E2-6CA701E504E4}.Ad-Hoc|Any CPU.ActiveCfg = Release|Any CPU
		{D4C6C28D-4B59-4D8D-97E2-6CA701E504E4}.Ad-Hoc|Any CPU.Build.0 = Release|Any CPU
		{D4C6C28D-4B59-4D8D-97E2-6CA701E504E4}.Ad-Hoc|iPhone.ActiveCfg = Release|Any CPU
		{D4C6C28D-4B59-4D8D-97E2-6CA701E504E4}.Ad-Hoc|iPhone.Build.0 = Release|Any CPU
		{D4C6C28D-4B59-4D8D-97E2-6CA701E504E4}.Ad-Hoc|iPhoneSimulator.ActiveCfg = Release|Any CPU
		{D4C6C28D-4B59-4D8D-97E2-6CA701E504E4}.Ad-Hoc|iPhoneSimulator.Build.0 = Release|Any CPU
		{D4C6C28D-4B59-4D8D-97E2-6CA701E504E4}.Ad-Hoc|Mixed Platforms.ActiveCfg = Release|Any CPU
		{D4C6C28D-4B59-4D8D-97E2-6CA701E504E4}.Ad-Hoc|Mixed Platforms.Build.0 = Release|Any CPU
		{D4C6C28D-4B59-4D8D-97E2-6CA701E504E4}.Ad-Hoc|x86.ActiveCfg = Release|Any CPU
		{D4C6C28D-4B59-4D8D-97E2-6CA701E504E4}.Ad-Hoc|x86.Build.0 = Release|Any CPU
		{D4C6C28D-4B59-4D8D-97E2-6CA701E504E4}.AppStore|Any CPU.ActiveCfg = AppStore|Any CPU
		{D4C6C28D-4B59-4D8D-97E2-6CA701E504E4}.AppStore|Any CPU.Build.0 = AppStore|Any CPU
		{D4C6C28D-4B59-4D8D-97E2-6CA701E504E4}.AppStore|iPhone.ActiveCfg = AppStore|Any CPU
		{D4C6C28D-4B59-4D8D-97E2-6CA701E504E4}.AppStore|iPhone.Build.0 = AppStore|Any CPU
		{D4C6C28D-4B59-4D8D-97E2-6CA701E504E4}.AppStore|iPhoneSimulator.ActiveCfg = AppStore|Any CPU
		{D4C6C28D-4B59-4D8D-97E2-6CA701E504E4}.AppStore|iPhoneSimulator.Build.0 = AppStore|Any CPU
		{D4C6C28D-4B59-4D8D-97E2-6CA701E504E4}.AppStore|Mixed Platforms.ActiveCfg = AppStore|Any CPU
		{D4C6C28D-4B59-4D8D-97E2-6CA701E504E4}.AppStore|Mixed Platforms.Build.0 = AppStore|Any CPU
		{D4C6C28D-4B59-4D8D-97E2-6CA701E504E4}.AppStore|x86.ActiveCfg = AppStore|Any CPU
		{D4C6C28D-4B59-4D8D-97E2-6CA701E504E4}.AppStore|x86.Build.0 = AppStore|Any CPU
		{D4C6C28D-4B59-4D8D-97E2-6CA701E504E4}.Debug|Any CPU.ActiveCfg = Debug|Any CPU
		{D4C6C28D-4B59-4D8D-97E2-6CA701E504E4}.Debug|Any CPU.Build.0 = Debug|Any CPU
		{D4C6C28D-4B59-4D8D-97E2-6CA701E504E4}.Debug|iPhone.ActiveCfg = Debug|Any CPU
		{D4C6C28D-4B59-4D8D-97E2-6CA701E504E4}.Debug|iPhone.Build.0 = Debug|Any CPU
		{D4C6C28D-4B59-4D8D-97E2-6CA701E504E4}.Debug|iPhoneSimulator.ActiveCfg = Debug|Any CPU
		{D4C6C28D-4B59-4D8D-97E2-6CA701E504E4}.Debug|iPhoneSimulator.Build.0 = Debug|Any CPU
		{D4C6C28D-4B59-4D8D-97E2-6CA701E504E4}.Debug|Mixed Platforms.ActiveCfg = Debug|Any CPU
		{D4C6C28D-4B59-4D8D-97E2-6CA701E504E4}.Debug|Mixed Platforms.Build.0 = Debug|Any CPU
		{D4C6C28D-4B59-4D8D-97E2-6CA701E504E4}.Debug|x86.ActiveCfg = Debug|Any CPU
		{D4C6C28D-4B59-4D8D-97E2-6CA701E504E4}.Debug|x86.Build.0 = Debug|Any CPU
		{D4C6C28D-4B59-4D8D-97E2-6CA701E504E4}.Release|Any CPU.ActiveCfg = Release|Any CPU
		{D4C6C28D-4B59-4D8D-97E2-6CA701E504E4}.Release|Any CPU.Build.0 = Release|Any CPU
		{D4C6C28D-4B59-4D8D-97E2-6CA701E504E4}.Release|iPhone.ActiveCfg = Release|Any CPU
		{D4C6C28D-4B59-4D8D-97E2-6CA701E504E4}.Release|iPhone.Build.0 = Release|Any CPU
		{D4C6C28D-4B59-4D8D-97E2-6CA701E504E4}.Release|iPhoneSimulator.ActiveCfg = Release|Any CPU
		{D4C6C28D-4B59-4D8D-97E2-6CA701E504E4}.Release|iPhoneSimulator.Build.0 = Release|Any CPU
		{D4C6C28D-4B59-4D8D-97E2-6CA701E504E4}.Release|Mixed Platforms.ActiveCfg = Release|Any CPU
		{D4C6C28D-4B59-4D8D-97E2-6CA701E504E4}.Release|Mixed Platforms.Build.0 = Release|Any CPU
		{D4C6C28D-4B59-4D8D-97E2-6CA701E504E4}.Release|x86.ActiveCfg = Release|Any CPU
		{D4C6C28D-4B59-4D8D-97E2-6CA701E504E4}.Release|x86.Build.0 = Release|Any CPU
		{09CFC460-AB96-4236-9AF5-1470C2948CB3}.Ad-Hoc|Any CPU.ActiveCfg = Release|Any CPU
		{09CFC460-AB96-4236-9AF5-1470C2948CB3}.Ad-Hoc|Any CPU.Build.0 = Release|Any CPU
		{09CFC460-AB96-4236-9AF5-1470C2948CB3}.Ad-Hoc|iPhone.ActiveCfg = Release|Any CPU
		{09CFC460-AB96-4236-9AF5-1470C2948CB3}.Ad-Hoc|iPhone.Build.0 = Release|Any CPU
		{09CFC460-AB96-4236-9AF5-1470C2948CB3}.Ad-Hoc|iPhoneSimulator.ActiveCfg = Release|Any CPU
		{09CFC460-AB96-4236-9AF5-1470C2948CB3}.Ad-Hoc|iPhoneSimulator.Build.0 = Release|Any CPU
		{09CFC460-AB96-4236-9AF5-1470C2948CB3}.Ad-Hoc|Mixed Platforms.ActiveCfg = Release|Any CPU
		{09CFC460-AB96-4236-9AF5-1470C2948CB3}.Ad-Hoc|Mixed Platforms.Build.0 = Release|Any CPU
		{09CFC460-AB96-4236-9AF5-1470C2948CB3}.Ad-Hoc|x86.ActiveCfg = Release|Any CPU
		{09CFC460-AB96-4236-9AF5-1470C2948CB3}.Ad-Hoc|x86.Build.0 = Release|Any CPU
		{09CFC460-AB96-4236-9AF5-1470C2948CB3}.AppStore|Any CPU.ActiveCfg = Release|Any CPU
		{09CFC460-AB96-4236-9AF5-1470C2948CB3}.AppStore|Any CPU.Build.0 = Release|Any CPU
		{09CFC460-AB96-4236-9AF5-1470C2948CB3}.AppStore|iPhone.ActiveCfg = Release|Any CPU
		{09CFC460-AB96-4236-9AF5-1470C2948CB3}.AppStore|iPhone.Build.0 = Release|Any CPU
		{09CFC460-AB96-4236-9AF5-1470C2948CB3}.AppStore|iPhoneSimulator.ActiveCfg = Release|Any CPU
		{09CFC460-AB96-4236-9AF5-1470C2948CB3}.AppStore|iPhoneSimulator.Build.0 = Release|Any CPU
		{09CFC460-AB96-4236-9AF5-1470C2948CB3}.AppStore|Mixed Platforms.ActiveCfg = Release|Any CPU
		{09CFC460-AB96-4236-9AF5-1470C2948CB3}.AppStore|Mixed Platforms.Build.0 = Release|Any CPU
		{09CFC460-AB96-4236-9AF5-1470C2948CB3}.AppStore|x86.ActiveCfg = Release|Any CPU
		{09CFC460-AB96-4236-9AF5-1470C2948CB3}.AppStore|x86.Build.0 = Release|Any CPU
		{09CFC460-AB96-4236-9AF5-1470C2948CB3}.Debug|Any CPU.ActiveCfg = Debug|Any CPU
		{09CFC460-AB96-4236-9AF5-1470C2948CB3}.Debug|Any CPU.Build.0 = Debug|Any CPU
		{09CFC460-AB96-4236-9AF5-1470C2948CB3}.Debug|iPhone.ActiveCfg = Debug|Any CPU
		{09CFC460-AB96-4236-9AF5-1470C2948CB3}.Debug|iPhone.Build.0 = Debug|Any CPU
		{09CFC460-AB96-4236-9AF5-1470C2948CB3}.Debug|iPhoneSimulator.ActiveCfg = Debug|Any CPU
		{09CFC460-AB96-4236-9AF5-1470C2948CB3}.Debug|iPhoneSimulator.Build.0 = Debug|Any CPU
		{09CFC460-AB96-4236-9AF5-1470C2948CB3}.Debug|Mixed Platforms.ActiveCfg = Debug|Any CPU
		{09CFC460-AB96-4236-9AF5-1470C2948CB3}.Debug|Mixed Platforms.Build.0 = Debug|Any CPU
		{09CFC460-AB96-4236-9AF5-1470C2948CB3}.Debug|x86.ActiveCfg = Debug|Any CPU
		{09CFC460-AB96-4236-9AF5-1470C2948CB3}.Debug|x86.Build.0 = Debug|Any CPU
		{09CFC460-AB96-4236-9AF5-1470C2948CB3}.Release|Any CPU.ActiveCfg = Release|Any CPU
		{09CFC460-AB96-4236-9AF5-1470C2948CB3}.Release|Any CPU.Build.0 = Release|Any CPU
		{09CFC460-AB96-4236-9AF5-1470C2948CB3}.Release|iPhone.ActiveCfg = Release|Any CPU
		{09CFC460-AB96-4236-9AF5-1470C2948CB3}.Release|iPhone.Build.0 = Release|Any CPU
		{09CFC460-AB96-4236-9AF5-1470C2948CB3}.Release|iPhoneSimulator.ActiveCfg = Release|Any CPU
		{09CFC460-AB96-4236-9AF5-1470C2948CB3}.Release|iPhoneSimulator.Build.0 = Release|Any CPU
		{09CFC460-AB96-4236-9AF5-1470C2948CB3}.Release|Mixed Platforms.ActiveCfg = Release|Any CPU
		{09CFC460-AB96-4236-9AF5-1470C2948CB3}.Release|Mixed Platforms.Build.0 = Release|Any CPU
		{09CFC460-AB96-4236-9AF5-1470C2948CB3}.Release|x86.ActiveCfg = Release|Any CPU
		{09CFC460-AB96-4236-9AF5-1470C2948CB3}.Release|x86.Build.0 = Release|Any CPU
		{5C2ED901-C73A-4731-99C5-FCE04D6EE48D}.Ad-Hoc|Any CPU.ActiveCfg = Release|Any CPU
		{5C2ED901-C73A-4731-99C5-FCE04D6EE48D}.Ad-Hoc|Any CPU.Build.0 = Release|Any CPU
		{5C2ED901-C73A-4731-99C5-FCE04D6EE48D}.Ad-Hoc|iPhone.ActiveCfg = Release|Any CPU
		{5C2ED901-C73A-4731-99C5-FCE04D6EE48D}.Ad-Hoc|iPhoneSimulator.ActiveCfg = Release|Any CPU
		{5C2ED901-C73A-4731-99C5-FCE04D6EE48D}.Ad-Hoc|Mixed Platforms.ActiveCfg = Release|Any CPU
		{5C2ED901-C73A-4731-99C5-FCE04D6EE48D}.Ad-Hoc|Mixed Platforms.Build.0 = Release|Any CPU
		{5C2ED901-C73A-4731-99C5-FCE04D6EE48D}.Ad-Hoc|x86.ActiveCfg = Release|Any CPU
		{5C2ED901-C73A-4731-99C5-FCE04D6EE48D}.AppStore|Any CPU.ActiveCfg = Release|Any CPU
		{5C2ED901-C73A-4731-99C5-FCE04D6EE48D}.AppStore|Any CPU.Build.0 = Release|Any CPU
		{5C2ED901-C73A-4731-99C5-FCE04D6EE48D}.AppStore|iPhone.ActiveCfg = Release|Any CPU
		{5C2ED901-C73A-4731-99C5-FCE04D6EE48D}.AppStore|iPhoneSimulator.ActiveCfg = Release|Any CPU
		{5C2ED901-C73A-4731-99C5-FCE04D6EE48D}.AppStore|Mixed Platforms.ActiveCfg = Release|Any CPU
		{5C2ED901-C73A-4731-99C5-FCE04D6EE48D}.AppStore|Mixed Platforms.Build.0 = Release|Any CPU
		{5C2ED901-C73A-4731-99C5-FCE04D6EE48D}.AppStore|x86.ActiveCfg = Release|Any CPU
		{5C2ED901-C73A-4731-99C5-FCE04D6EE48D}.Debug|Any CPU.ActiveCfg = Debug|Any CPU
		{5C2ED901-C73A-4731-99C5-FCE04D6EE48D}.Debug|Any CPU.Build.0 = Debug|Any CPU
		{5C2ED901-C73A-4731-99C5-FCE04D6EE48D}.Debug|iPhone.ActiveCfg = Debug|Any CPU
		{5C2ED901-C73A-4731-99C5-FCE04D6EE48D}.Debug|iPhoneSimulator.ActiveCfg = Debug|Any CPU
		{5C2ED901-C73A-4731-99C5-FCE04D6EE48D}.Debug|Mixed Platforms.ActiveCfg = Debug|Any CPU
		{5C2ED901-C73A-4731-99C5-FCE04D6EE48D}.Debug|Mixed Platforms.Build.0 = Debug|Any CPU
		{5C2ED901-C73A-4731-99C5-FCE04D6EE48D}.Debug|x86.ActiveCfg = Debug|Any CPU
		{5C2ED901-C73A-4731-99C5-FCE04D6EE48D}.Release|Any CPU.ActiveCfg = Release|Any CPU
		{5C2ED901-C73A-4731-99C5-FCE04D6EE48D}.Release|Any CPU.Build.0 = Release|Any CPU
		{5C2ED901-C73A-4731-99C5-FCE04D6EE48D}.Release|iPhone.ActiveCfg = Release|Any CPU
		{5C2ED901-C73A-4731-99C5-FCE04D6EE48D}.Release|iPhoneSimulator.ActiveCfg = Release|Any CPU
		{5C2ED901-C73A-4731-99C5-FCE04D6EE48D}.Release|Mixed Platforms.ActiveCfg = Release|Any CPU
		{5C2ED901-C73A-4731-99C5-FCE04D6EE48D}.Release|Mixed Platforms.Build.0 = Release|Any CPU
		{5C2ED901-C73A-4731-99C5-FCE04D6EE48D}.Release|x86.ActiveCfg = Release|Any CPU
	EndGlobalSection
	GlobalSection(SolutionProperties) = preSolution
		HideSolutionNode = FALSE
	EndGlobalSection
	GlobalSection(NestedProjects) = preSolution
		{E31204CC-9752-41AB-AD76-90013E6A24B7} = {7EAE53D3-ABFF-4037-90AA-FB609F142BB2}
		{FDDA2F57-B85D-407A-9521-35AF5D917A0E} = {7EAE53D3-ABFF-4037-90AA-FB609F142BB2}
		{A6CE1A88-EA82-4DD2-9284-54192FC1EEF4} = {7EAE53D3-ABFF-4037-90AA-FB609F142BB2}
		{D4C6C28D-4B59-4D8D-97E2-6CA701E504E4} = {7EAE53D3-ABFF-4037-90AA-FB609F142BB2}
	EndGlobalSection
EndGlobal
